
Microsoft Visual Studio Solution File, Format Version 12.00
# Visual Studio Version 17
VisualStudioVersion = 17.2.32526.322
MinimumVisualStudioVersion = 10.0.40219.1
Project("{9A19103F-16F7-4668-BE54-9A1E7A4F7556}") = "PlatformaniaCS", "PlatformaniaCS.csproj", "{09207869-13FA-40B8-BB05-41AEEDB4FF7A}"
EndProject
Project("{2150E333-8FDC-42A3-9474-1A3956D46DE8}") = "Solution Items", "Solution Items", "{20FBB52D-ECE1-4DE6-A865-0C7D72C6DAC2}"
	ProjectSection(SolutionItems) = preProject
		.editorconfig = .editorconfig
	EndProjectSection
EndProject
Global
	GlobalSection(SolutionConfigurationPlatforms) = preSolution
		Debug|Any CPU = Debug|Any CPU
		Release|Any CPU = Release|Any CPU
	EndGlobalSection
	GlobalSection(ProjectConfigurationPlatforms) = postSolution
		{09207869-13FA-40B8-BB05-41AEEDB4FF7A}.Debug|Any CPU.ActiveCfg = Debug|Any CPU
		{09207869-13FA-40B8-BB05-41AEEDB4FF7A}.Debug|Any CPU.Build.0 = Debug|Any CPU
		{09207869-13FA-40B8-BB05-41AEEDB4FF7A}.Release|Any CPU.ActiveCfg = Release|Any CPU
		{09207869-13FA-40B8-BB05-41AEEDB4FF7A}.Release|Any CPU.Build.0 = Release|Any CPU
	EndGlobalSection
	GlobalSection(SolutionProperties) = preSolution
		HideSolutionNode = FALSE
	EndGlobalSection
	GlobalSection(ExtensibilityGlobals) = postSolution
		SolutionGuid = {EA8E40BE-8E7B-463A-8074-11C96DA4A604}
	EndGlobalSection
EndGlobal
